
Microsoft Visual Studio Solution File, Format Version 12.00
# Visual Studio 15
VisualStudioVersion = 15.0.28010.2046
MinimumVisualStudioVersion = 10.0.40219.1
Project("{9A19103F-16F7-4668-BE54-9A1E7A4F7556}") = "OdeToFood", "OdeToFood\OdeToFood.csproj", "{8B4957F0-9C12-4AE2-B4E1-1D946F419E08}"
EndProject
Global
	GlobalSection(SolutionConfigurationPlatforms) = preSolution
		Debug|Any CPU = Debug|Any CPU
		Release|Any CPU = Release|Any CPU
	EndGlobalSection
	GlobalSection(ProjectConfigurationPlatforms) = postSolution
		{8B4957F0-9C12-4AE2-B4E1-1D946F419E08}.Debug|Any CPU.ActiveCfg = Debug|Any CPU
		{8B4957F0-9C12-4AE2-B4E1-1D946F419E08}.Debug|Any CPU.Build.0 = Debug|Any CPU
		{8B4957F0-9C12-4AE2-B4E1-1D946F419E08}.Release|Any CPU.ActiveCfg = Release|Any CPU
		{8B4957F0-9C12-4AE2-B4E1-1D946F419E08}.Release|Any CPU.Build.0 = Release|Any CPU
	EndGlobalSection
	GlobalSection(SolutionProperties) = preSolution
		HideSolutionNode = FALSE
	EndGlobalSection
	GlobalSection(ExtensibilityGlobals) = postSolution
		SolutionGuid = {011A396A-4193-484C-8CCE-94B5F8573BB1}
	EndGlobalSection
EndGlobal
